
Microsoft Visual Studio Solution File, Format Version 12.00
# Visual Studio Version 16
VisualStudioVersion = 16.0.29503.13
MinimumVisualStudioVersion = 10.0.40219.1
Project("{FAE04EC0-301F-11D3-BF4B-00C04F79EFBC}") = "DAB3_Assignment", "DAB3_Assignment\DAB3_Assignment.csproj", "{D30B72E3-EC47-4B08-97D9-4D9E9E946CCE}"
EndProject
Global
	GlobalSection(SolutionConfigurationPlatforms) = preSolution
		Debug|Any CPU = Debug|Any CPU
		Release|Any CPU = Release|Any CPU
	EndGlobalSection
	GlobalSection(ProjectConfigurationPlatforms) = postSolution
		{D30B72E3-EC47-4B08-97D9-4D9E9E946CCE}.Debug|Any CPU.ActiveCfg = Debug|Any CPU
		{D30B72E3-EC47-4B08-97D9-4D9E9E946CCE}.Debug|Any CPU.Build.0 = Debug|Any CPU
		{D30B72E3-EC47-4B08-97D9-4D9E9E946CCE}.Release|Any CPU.ActiveCfg = Release|Any CPU
		{D30B72E3-EC47-4B08-97D9-4D9E9E946CCE}.Release|Any CPU.Build.0 = Release|Any CPU
	EndGlobalSection
	GlobalSection(SolutionProperties) = preSolution
		HideSolutionNode = FALSE
	EndGlobalSection
	GlobalSection(ExtensibilityGlobals) = postSolution
		SolutionGuid = {CD53789C-196A-4713-B534-EFDD6D735A1A}
	EndGlobalSection
EndGlobal
